
Microsoft Visual Studio Solution File, Format Version 12.00
# Visual Studio Version 16
VisualStudioVersion = 16.0.33927.289
MinimumVisualStudioVersion = 10.0.40219.1
Project("{2150E333-8FDC-42A3-9474-1A3956D46DE8}") = "Task0", "Task0", "{5E3CDA2D-C04B-46E0-9C76-7698BA948C00}"
EndProject
Project("{FAE04EC0-301F-11D3-BF4B-00C04F79EFBC}") = "Tyuiu.PyankovaVV.Sprint6.Task0.V16.Lib", "Tyuiu.PyankovaVV.Sprint6.Task0.V16.Lib\Tyuiu.PyankovaVV.Sprint6.Task0.V16.Lib.csproj", "{D5C0D873-6FFF-4863-ACDD-813D03A9789E}"
EndProject
Project("{FAE04EC0-301F-11D3-BF4B-00C04F79EFBC}") = "Tyuiu.PyankovaVV.Sprint6.Task0.V16.Test", "Tyuiu.PyankovaVV.Sprint6.Task0.V16.Test\Tyuiu.PyankovaVV.Sprint6.Task0.V16.Test.csproj", "{C6A01E2C-EAE7-4392-A4CE-6C636C9D59E8}"
EndProject
Project("{FAE04EC0-301F-11D3-BF4B-00C04F79EFBC}") = "Tyuiu.PyankovaVV.Sprint6.Task0.V16", "Tyuiu.PyankovaVV.Sprint6.Task0.V16\Tyuiu.PyankovaVV.Sprint6.Task0.V16.csproj", "{015D0952-17CA-4F09-98E6-A2113CEA1B21}"
EndProject
Global
	GlobalSection(SolutionConfigurationPlatforms) = preSolution
		Debug|Any CPU = Debug|Any CPU
		Release|Any CPU = Release|Any CPU
	EndGlobalSection
	GlobalSection(ProjectConfigurationPlatforms) = postSolution
		{D5C0D873-6FFF-4863-ACDD-813D03A9789E}.Debug|Any CPU.ActiveCfg = Debug|Any CPU
		{D5C0D873-6FFF-4863-ACDD-813D03A9789E}.Debug|Any CPU.Build.0 = Debug|Any CPU
		{D5C0D873-6FFF-4863-ACDD-813D03A9789E}.Release|Any CPU.ActiveCfg = Release|Any CPU
		{D5C0D873-6FFF-4863-ACDD-813D03A9789E}.Release|Any CPU.Build.0 = Release|Any CPU
		{C6A01E2C-EAE7-4392-A4CE-6C636C9D59E8}.Debug|Any CPU.ActiveCfg = Debug|Any CPU
		{C6A01E2C-EAE7-4392-A4CE-6C636C9D59E8}.Debug|Any CPU.Build.0 = Debug|Any CPU
		{C6A01E2C-EAE7-4392-A4CE-6C636C9D59E8}.Release|Any CPU.ActiveCfg = Release|Any CPU
		{C6A01E2C-EAE7-4392-A4CE-6C636C9D59E8}.Release|Any CPU.Build.0 = Release|Any CPU
		{015D0952-17CA-4F09-98E6-A2113CEA1B21}.Debug|Any CPU.ActiveCfg = Debug|Any CPU
		{015D0952-17CA-4F09-98E6-A2113CEA1B21}.Debug|Any CPU.Build.0 = Debug|Any CPU
		{015D0952-17CA-4F09-98E6-A2113CEA1B21}.Release|Any CPU.ActiveCfg = Release|Any CPU
		{015D0952-17CA-4F09-98E6-A2113CEA1B21}.Release|Any CPU.Build.0 = Release|Any CPU
	EndGlobalSection
	GlobalSection(SolutionProperties) = preSolution
		HideSolutionNode = FALSE
	EndGlobalSection
	GlobalSection(NestedProjects) = preSolution
		{D5C0D873-6FFF-4863-ACDD-813D03A9789E} = {5E3CDA2D-C04B-46E0-9C76-7698BA948C00}
		{C6A01E2C-EAE7-4392-A4CE-6C636C9D59E8} = {5E3CDA2D-C04B-46E0-9C76-7698BA948C00}
		{015D0952-17CA-4F09-98E6-A2113CEA1B21} = {5E3CDA2D-C04B-46E0-9C76-7698BA948C00}
	EndGlobalSection
	GlobalSection(ExtensibilityGlobals) = postSolution
		SolutionGuid = {054C3A70-968A-4702-8992-85E1B928FBF6}
	EndGlobalSection
EndGlobal
