
Microsoft Visual Studio Solution File, Format Version 12.00
# Visual Studio Version 16
VisualStudioVersion = 16.0.33927.289
MinimumVisualStudioVersion = 10.0.40219.1
Project("{2150E333-8FDC-42A3-9474-1A3956D46DE8}") = "Task0", "Task0", "{5E3CDA2D-C04B-46E0-9C76-7698BA948C00}"
EndProject
Project("{FAE04EC0-301F-11D3-BF4B-00C04F79EFBC}") = "Tyuiu.PyankovaVV.Sprint6.Task0.V16.Lib", "Tyuiu.PyankovaVV.Sprint6.Task0.V16.Lib\Tyuiu.PyankovaVV.Sprint6.Task0.V16.Lib.csproj", "{D5C0D873-6FFF-4863-ACDD-813D03A9789E}"
EndProject
Project("{FAE04EC0-301F-11D3-BF4B-00C04F79EFBC}") = "Tyuiu.PyankovaVV.Sprint6.Task0.V16.Test", "Tyuiu.PyankovaVV.Sprint6.Task0.V16.Test\Tyuiu.PyankovaVV.Sprint6.Task0.V16.Test.csproj", "{C6A01E2C-EAE7-4392-A4CE-6C636C9D59E8}"
EndProject
Project("{2150E333-8FDC-42A3-9474-1A3956D46DE8}") = "Task1", "Task1", "{546E875B-6907-4912-A12A-B9CEAC2180C5}"
EndProject
Project("{FAE04EC0-301F-11D3-BF4B-00C04F79EFBC}") = "Tyuiu.PyankovaVV.Sprint6.Task1.V22.Lib", "Tyuiu.PyankovaVV.Sprint6.Task1.V22.Lib\Tyuiu.PyankovaVV.Sprint6.Task1.V22.Lib.csproj", "{14DF9DF8-A881-448C-BCD1-BC5FD5E89309}"
EndProject
Project("{FAE04EC0-301F-11D3-BF4B-00C04F79EFBC}") = "Tyuiu.PyankovaVV.Sprint6.Task1.V22.Test", "Tyuiu.PyankovaVV.Sprint6.Task1.V22.Test\Tyuiu.PyankovaVV.Sprint6.Task1.V22.Test.csproj", "{D9190F32-EDB1-4C53-9ADF-1D8FD6AFC1D2}"
EndProject
Project("{2150E333-8FDC-42A3-9474-1A3956D46DE8}") = "Task2", "Task2", "{D2BFD1CF-69AE-43D6-9702-A0D70E7780DF}"
EndProject
Project("{FAE04EC0-301F-11D3-BF4B-00C04F79EFBC}") = "Tyuiu.PyankovaVV.Sprint6.Task2.V14.Lib", "Tyuiu.PyankovaVV.Sprint6.Task2.V14.Lib\Tyuiu.PyankovaVV.Sprint6.Task2.V14.Lib.csproj", "{C9D82EBB-D266-4585-879A-2C737E71D5C9}"
EndProject
Project("{FAE04EC0-301F-11D3-BF4B-00C04F79EFBC}") = "Tyuiu.PyankovaVV.Sprint6.Task2.V14.Test", "Tyuiu.PyankovaVV.Sprint6.Task2.V14.Test\Tyuiu.PyankovaVV.Sprint6.Task2.V14.Test.csproj", "{CE28CE6C-7DD3-4D04-BB99-767C8044EAB3}"
EndProject
Project("{2150E333-8FDC-42A3-9474-1A3956D46DE8}") = "Task3", "Task3", "{24080C49-4C56-4E08-B16C-5C6A98BCEDB8}"
EndProject
Project("{FAE04EC0-301F-11D3-BF4B-00C04F79EFBC}") = "Tyuiu.PyankovaVV.Sprint6.Task3.V21.Lib", "Tyuiu.PyankovaVV.Sprint6.Task3.V21.Lib\Tyuiu.PyankovaVV.Sprint6.Task3.V21.Lib.csproj", "{505201E8-8E53-497B-BAA3-64CF78844F25}"
EndProject
Project("{FAE04EC0-301F-11D3-BF4B-00C04F79EFBC}") = "Tyuiu.PyankovaVV.Sprint6.Task3.V21.Test", "Tyuiu.PyankovaVV.Sprint6.Task3.V21.Test\Tyuiu.PyankovaVV.Sprint6.Task3.V21.Test.csproj", "{519DC30A-8A55-4973-BB38-A173B74ECF10}"
EndProject
Project("{2150E333-8FDC-42A3-9474-1A3956D46DE8}") = "Task4", "Task4", "{91394ADB-8900-4400-ABA4-37B1975786CC}"
EndProject
Project("{FAE04EC0-301F-11D3-BF4B-00C04F79EFBC}") = "Tyuiu.PyankovaVV.Sprint6.Task4.V10.Lib", "Tyuiu.PyankovaVV.Sprint6.Task4.V10.Lib\Tyuiu.PyankovaVV.Sprint6.Task4.V10.Lib.csproj", "{07F65218-59A5-473F-BADC-35D536E0D81F}"
EndProject
Project("{FAE04EC0-301F-11D3-BF4B-00C04F79EFBC}") = "Tyuiu.PyankovaVV.Sprint6.Task4.V10.Test", "Tyuiu.PyankovaVV.Sprint6.Task4.V10.Test\Tyuiu.PyankovaVV.Sprint6.Task4.V10.Test.csproj", "{D735A94B-31EB-4326-9ACF-36A1C08C2969}"
EndProject
Project("{FAE04EC0-301F-11D3-BF4B-00C04F79EFBC}") = "Tyuiu.PyankovaVV.Sprint6.Task4.V10", "Tyuiu.PyankovaVV.Sprint6.Task4.V10\Tyuiu.PyankovaVV.Sprint6.Task4.V10.csproj", "{6B346F78-601C-42D2-8274-F28B8FAE25ED}"
EndProject
Project("{2150E333-8FDC-42A3-9474-1A3956D46DE8}") = "Task5", "Task5", "{CB27714C-0E22-4267-A686-44CA9A8A9467}"
EndProject
Project("{FAE04EC0-301F-11D3-BF4B-00C04F79EFBC}") = "Tyuiu.PyankovaVV.Sprint6.Task5.V4", "Tyuiu.PyankovaVV.Sprint6.Task5.V4\Tyuiu.PyankovaVV.Sprint6.Task5.V4.csproj", "{0BB65968-0C40-4602-936A-36C7790C152A}"
EndProject
Project("{FAE04EC0-301F-11D3-BF4B-00C04F79EFBC}") = "Tyuiu.PyankovaVV.Sprint6.Task5.V4.Lib", "Tyuiu.PyankovaVV.Sprint6.Task5.V4.Lib\Tyuiu.PyankovaVV.Sprint6.Task5.V4.Lib.csproj", "{43582474-2442-4D96-99DB-FF8323B4D5B0}"
EndProject
Project("{FAE04EC0-301F-11D3-BF4B-00C04F79EFBC}") = "Tyuiu.PyankovaVV.Sprint6.Task5.V4.Test", "Tyuiu.PyankovaVV.Sprint6.Task5.V4.Test\Tyuiu.PyankovaVV.Sprint6.Task5.V4.Test.csproj", "{5BB101C1-D7AD-43FB-8B6C-91E5BA39969D}"
EndProject
Project("{2150E333-8FDC-42A3-9474-1A3956D46DE8}") = "Task6", "Task6", "{C7BE88A1-7F75-4753-A754-F53C2CEFDD15}"
EndProject
Project("{FAE04EC0-301F-11D3-BF4B-00C04F79EFBC}") = "Tyuiu.PyankovaVV.Sprint6.Task6.V16", "Tyuiu.PyankovaVV.Sprint6.Task6.V16\Tyuiu.PyankovaVV.Sprint6.Task6.V16.csproj", "{DB113773-D0DD-4F69-A334-38A02FF19A58}"
EndProject
Project("{FAE04EC0-301F-11D3-BF4B-00C04F79EFBC}") = "Tyuiu.PyankovaVV.Sprint6.Task6.V16.Lib", "Tyuiu.PyankovaVV.Sprint6.Task6.V16.Lib\Tyuiu.PyankovaVV.Sprint6.Task6.V16.Lib.csproj", "{6489D3FE-C4DD-46A0-A26E-98BFE6B01112}"
EndProject
Project("{FAE04EC0-301F-11D3-BF4B-00C04F79EFBC}") = "Tyuiu.PyankovaVV.Sprint6.Task6.V16.Test", "Tyuiu.PyankovaVV.Sprint6.Task6.V16.Test\Tyuiu.PyankovaVV.Sprint6.Task6.V16.Test.csproj", "{08A7D6AF-7B35-4815-82ED-A885BAAFFAC8}"
EndProject
Project("{2150E333-8FDC-42A3-9474-1A3956D46DE8}") = "Task7", "Task7", "{1F7082DC-F32F-485A-9462-58B05A7AB3D3}"
EndProject
Project("{FAE04EC0-301F-11D3-BF4B-00C04F79EFBC}") = "Tyuiu.PyankovaVV.Sprint6.Task7.V1", "Tyuiu.PyankovaVV.Sprint6.Task7.V1\Tyuiu.PyankovaVV.Sprint6.Task7.V1.csproj", "{F80D8807-A145-448A-8642-1BE4B494F832}"
EndProject
Project("{FAE04EC0-301F-11D3-BF4B-00C04F79EFBC}") = "Tyuiu.PyankovaVV.Sprint6.Task7.V1.Lib", "Tyuiu.PyankovaVV.Sprint6.Task7.V1.Lib\Tyuiu.PyankovaVV.Sprint6.Task7.V1.Lib.csproj", "{EBBAE977-89D0-4D05-938E-CAFD8D7EBDE2}"
EndProject
Project("{FAE04EC0-301F-11D3-BF4B-00C04F79EFBC}") = "Tyuiu.PyankovaVV.Sprint6.Task7.V1.Test", "Tyuiu.PyankovaVV.Sprint6.Task7.V1.Test\Tyuiu.PyankovaVV.Sprint6.Task7.V1.Test.csproj", "{9463BA19-D532-42B0-B3D7-67777F302539}"
EndProject
Project("{FAE04EC0-301F-11D3-BF4B-00C04F79EFBC}") = "Tyuiu.PyankovaVV.Sprint6.Task0.V16", "Tyuiu.PyankovaVV.Sprint6.Task0.V16\Tyuiu.PyankovaVV.Sprint6.Task0.V16.csproj", "{7D051394-F87A-4C6A-A5A2-5D6AD0C498F1}"
EndProject
Project("{FAE04EC0-301F-11D3-BF4B-00C04F79EFBC}") = "Tyuiu.PyankovaVV.Sprint6.Task1.V22", "Tyuiu.PyankovaVV.Sprint6.Task1.V22\Tyuiu.PyankovaVV.Sprint6.Task1.V22.csproj", "{A06D19BF-E3C6-4B42-A2DB-6C800B1C5C55}"
EndProject
Project("{FAE04EC0-301F-11D3-BF4B-00C04F79EFBC}") = "Tyuiu.PyankovaVV.Sprint6.Task2.V14", "Tyuiu.PyankovaVV.Sprint6.Task2.V14\Tyuiu.PyankovaVV.Sprint6.Task2.V14.csproj", "{7B8E4EDC-10F4-4844-8B4F-DB0879271F3B}"
EndProject
Project("{FAE04EC0-301F-11D3-BF4B-00C04F79EFBC}") = "Tyuiu.PyankovaVV.Sprint6.Task3.V21", "Tyuiu.PyankovaVV.Sprint6.Task3.V21\Tyuiu.PyankovaVV.Sprint6.Task3.V21.csproj", "{ACD42557-F8BB-427C-ADBB-E3F92B25E344}"
EndProject
Global
	GlobalSection(SolutionConfigurationPlatforms) = preSolution
		Debug|Any CPU = Debug|Any CPU
		Release|Any CPU = Release|Any CPU
	EndGlobalSection
	GlobalSection(ProjectConfigurationPlatforms) = postSolution
		{D5C0D873-6FFF-4863-ACDD-813D03A9789E}.Debug|Any CPU.ActiveCfg = Debug|Any CPU
		{D5C0D873-6FFF-4863-ACDD-813D03A9789E}.Debug|Any CPU.Build.0 = Debug|Any CPU
		{D5C0D873-6FFF-4863-ACDD-813D03A9789E}.Release|Any CPU.ActiveCfg = Release|Any CPU
		{D5C0D873-6FFF-4863-ACDD-813D03A9789E}.Release|Any CPU.Build.0 = Release|Any CPU
		{C6A01E2C-EAE7-4392-A4CE-6C636C9D59E8}.Debug|Any CPU.ActiveCfg = Debug|Any CPU
		{C6A01E2C-EAE7-4392-A4CE-6C636C9D59E8}.Debug|Any CPU.Build.0 = Debug|Any CPU
		{C6A01E2C-EAE7-4392-A4CE-6C636C9D59E8}.Release|Any CPU.ActiveCfg = Release|Any CPU
		{C6A01E2C-EAE7-4392-A4CE-6C636C9D59E8}.Release|Any CPU.Build.0 = Release|Any CPU
		{14DF9DF8-A881-448C-BCD1-BC5FD5E89309}.Debug|Any CPU.ActiveCfg = Debug|Any CPU
		{14DF9DF8-A881-448C-BCD1-BC5FD5E89309}.Debug|Any CPU.Build.0 = Debug|Any CPU
		{14DF9DF8-A881-448C-BCD1-BC5FD5E89309}.Release|Any CPU.ActiveCfg = Release|Any CPU
		{14DF9DF8-A881-448C-BCD1-BC5FD5E89309}.Release|Any CPU.Build.0 = Release|Any CPU
		{D9190F32-EDB1-4C53-9ADF-1D8FD6AFC1D2}.Debug|Any CPU.ActiveCfg = Debug|Any CPU
		{D9190F32-EDB1-4C53-9ADF-1D8FD6AFC1D2}.Debug|Any CPU.Build.0 = Debug|Any CPU
		{D9190F32-EDB1-4C53-9ADF-1D8FD6AFC1D2}.Release|Any CPU.ActiveCfg = Release|Any CPU
		{D9190F32-EDB1-4C53-9ADF-1D8FD6AFC1D2}.Release|Any CPU.Build.0 = Release|Any CPU
		{C9D82EBB-D266-4585-879A-2C737E71D5C9}.Debug|Any CPU.ActiveCfg = Debug|Any CPU
		{C9D82EBB-D266-4585-879A-2C737E71D5C9}.Debug|Any CPU.Build.0 = Debug|Any CPU
		{C9D82EBB-D266-4585-879A-2C737E71D5C9}.Release|Any CPU.ActiveCfg = Release|Any CPU
		{C9D82EBB-D266-4585-879A-2C737E71D5C9}.Release|Any CPU.Build.0 = Release|Any CPU
		{CE28CE6C-7DD3-4D04-BB99-767C8044EAB3}.Debug|Any CPU.ActiveCfg = Debug|Any CPU
		{CE28CE6C-7DD3-4D04-BB99-767C8044EAB3}.Debug|Any CPU.Build.0 = Debug|Any CPU
		{CE28CE6C-7DD3-4D04-BB99-767C8044EAB3}.Release|Any CPU.ActiveCfg = Release|Any CPU
		{CE28CE6C-7DD3-4D04-BB99-767C8044EAB3}.Release|Any CPU.Build.0 = Release|Any CPU
		{505201E8-8E53-497B-BAA3-64CF78844F25}.Debug|Any CPU.ActiveCfg = Debug|Any CPU
		{505201E8-8E53-497B-BAA3-64CF78844F25}.Debug|Any CPU.Build.0 = Debug|Any CPU
		{505201E8-8E53-497B-BAA3-64CF78844F25}.Release|Any CPU.ActiveCfg = Release|Any CPU
		{505201E8-8E53-497B-BAA3-64CF78844F25}.Release|Any CPU.Build.0 = Release|Any CPU
		{519DC30A-8A55-4973-BB38-A173B74ECF10}.Debug|Any CPU.ActiveCfg = Debug|Any CPU
		{519DC30A-8A55-4973-BB38-A173B74ECF10}.Debug|Any CPU.Build.0 = Debug|Any CPU
		{519DC30A-8A55-4973-BB38-A173B74ECF10}.Release|Any CPU.ActiveCfg = Release|Any CPU
		{519DC30A-8A55-4973-BB38-A173B74ECF10}.Release|Any CPU.Build.0 = Release|Any CPU
		{07F65218-59A5-473F-BADC-35D536E0D81F}.Debug|Any CPU.ActiveCfg = Debug|Any CPU
		{07F65218-59A5-473F-BADC-35D536E0D81F}.Debug|Any CPU.Build.0 = Debug|Any CPU
		{07F65218-59A5-473F-BADC-35D536E0D81F}.Release|Any CPU.ActiveCfg = Release|Any CPU
		{07F65218-59A5-473F-BADC-35D536E0D81F}.Release|Any CPU.Build.0 = Release|Any CPU
		{D735A94B-31EB-4326-9ACF-36A1C08C2969}.Debug|Any CPU.ActiveCfg = Debug|Any CPU
		{D735A94B-31EB-4326-9ACF-36A1C08C2969}.Debug|Any CPU.Build.0 = Debug|Any CPU
		{D735A94B-31EB-4326-9ACF-36A1C08C2969}.Release|Any CPU.ActiveCfg = Release|Any CPU
		{D735A94B-31EB-4326-9ACF-36A1C08C2969}.Release|Any CPU.Build.0 = Release|Any CPU
		{6B346F78-601C-42D2-8274-F28B8FAE25ED}.Debug|Any CPU.ActiveCfg = Debug|Any CPU
		{6B346F78-601C-42D2-8274-F28B8FAE25ED}.Debug|Any CPU.Build.0 = Debug|Any CPU
		{6B346F78-601C-42D2-8274-F28B8FAE25ED}.Release|Any CPU.ActiveCfg = Release|Any CPU
		{6B346F78-601C-42D2-8274-F28B8FAE25ED}.Release|Any CPU.Build.0 = Release|Any CPU
		{0BB65968-0C40-4602-936A-36C7790C152A}.Debug|Any CPU.ActiveCfg = Debug|Any CPU
		{0BB65968-0C40-4602-936A-36C7790C152A}.Debug|Any CPU.Build.0 = Debug|Any CPU
		{0BB65968-0C40-4602-936A-36C7790C152A}.Release|Any CPU.ActiveCfg = Release|Any CPU
		{0BB65968-0C40-4602-936A-36C7790C152A}.Release|Any CPU.Build.0 = Release|Any CPU
		{43582474-2442-4D96-99DB-FF8323B4D5B0}.Debug|Any CPU.ActiveCfg = Debug|Any CPU
		{43582474-2442-4D96-99DB-FF8323B4D5B0}.Debug|Any CPU.Build.0 = Debug|Any CPU
		{43582474-2442-4D96-99DB-FF8323B4D5B0}.Release|Any CPU.ActiveCfg = Release|Any CPU
		{43582474-2442-4D96-99DB-FF8323B4D5B0}.Release|Any CPU.Build.0 = Release|Any CPU
		{5BB101C1-D7AD-43FB-8B6C-91E5BA39969D}.Debug|Any CPU.ActiveCfg = Debug|Any CPU
		{5BB101C1-D7AD-43FB-8B6C-91E5BA39969D}.Debug|Any CPU.Build.0 = Debug|Any CPU
		{5BB101C1-D7AD-43FB-8B6C-91E5BA39969D}.Release|Any CPU.ActiveCfg = Release|Any CPU
		{5BB101C1-D7AD-43FB-8B6C-91E5BA39969D}.Release|Any CPU.Build.0 = Release|Any CPU
		{DB113773-D0DD-4F69-A334-38A02FF19A58}.Debug|Any CPU.ActiveCfg = Debug|Any CPU
		{DB113773-D0DD-4F69-A334-38A02FF19A58}.Debug|Any CPU.Build.0 = Debug|Any CPU
		{DB113773-D0DD-4F69-A334-38A02FF19A58}.Release|Any CPU.ActiveCfg = Release|Any CPU
		{DB113773-D0DD-4F69-A334-38A02FF19A58}.Release|Any CPU.Build.0 = Release|Any CPU
		{6489D3FE-C4DD-46A0-A26E-98BFE6B01112}.Debug|Any CPU.ActiveCfg = Debug|Any CPU
		{6489D3FE-C4DD-46A0-A26E-98BFE6B01112}.Debug|Any CPU.Build.0 = Debug|Any CPU
		{6489D3FE-C4DD-46A0-A26E-98BFE6B01112}.Release|Any CPU.ActiveCfg = Release|Any CPU
		{6489D3FE-C4DD-46A0-A26E-98BFE6B01112}.Release|Any CPU.Build.0 = Release|Any CPU
		{08A7D6AF-7B35-4815-82ED-A885BAAFFAC8}.Debug|Any CPU.ActiveCfg = Debug|Any CPU
		{08A7D6AF-7B35-4815-82ED-A885BAAFFAC8}.Debug|Any CPU.Build.0 = Debug|Any CPU
		{08A7D6AF-7B35-4815-82ED-A885BAAFFAC8}.Release|Any CPU.ActiveCfg = Release|Any CPU
		{08A7D6AF-7B35-4815-82ED-A885BAAFFAC8}.Release|Any CPU.Build.0 = Release|Any CPU
		{F80D8807-A145-448A-8642-1BE4B494F832}.Debug|Any CPU.ActiveCfg = Debug|Any CPU
		{F80D8807-A145-448A-8642-1BE4B494F832}.Debug|Any CPU.Build.0 = Debug|Any CPU
		{F80D8807-A145-448A-8642-1BE4B494F832}.Release|Any CPU.ActiveCfg = Release|Any CPU
		{F80D8807-A145-448A-8642-1BE4B494F832}.Release|Any CPU.Build.0 = Release|Any CPU
		{EBBAE977-89D0-4D05-938E-CAFD8D7EBDE2}.Debug|Any CPU.ActiveCfg = Debug|Any CPU
		{EBBAE977-89D0-4D05-938E-CAFD8D7EBDE2}.Debug|Any CPU.Build.0 = Debug|Any CPU
		{EBBAE977-89D0-4D05-938E-CAFD8D7EBDE2}.Release|Any CPU.ActiveCfg = Release|Any CPU
		{EBBAE977-89D0-4D05-938E-CAFD8D7EBDE2}.Release|Any CPU.Build.0 = Release|Any CPU
		{9463BA19-D532-42B0-B3D7-67777F302539}.Debug|Any CPU.ActiveCfg = Debug|Any CPU
		{9463BA19-D532-42B0-B3D7-67777F302539}.Debug|Any CPU.Build.0 = Debug|Any CPU
		{9463BA19-D532-42B0-B3D7-67777F302539}.Release|Any CPU.ActiveCfg = Release|Any CPU
		{9463BA19-D532-42B0-B3D7-67777F302539}.Release|Any CPU.Build.0 = Release|Any CPU
		{7D051394-F87A-4C6A-A5A2-5D6AD0C498F1}.Debug|Any CPU.ActiveCfg = Debug|Any CPU
		{7D051394-F87A-4C6A-A5A2-5D6AD0C498F1}.Debug|Any CPU.Build.0 = Debug|Any CPU
		{7D051394-F87A-4C6A-A5A2-5D6AD0C498F1}.Release|Any CPU.ActiveCfg = Release|Any CPU
		{7D051394-F87A-4C6A-A5A2-5D6AD0C498F1}.Release|Any CPU.Build.0 = Release|Any CPU
		{A06D19BF-E3C6-4B42-A2DB-6C800B1C5C55}.Debug|Any CPU.ActiveCfg = Debug|Any CPU
		{A06D19BF-E3C6-4B42-A2DB-6C800B1C5C55}.Debug|Any CPU.Build.0 = Debug|Any CPU
		{A06D19BF-E3C6-4B42-A2DB-6C800B1C5C55}.Release|Any CPU.ActiveCfg = Release|Any CPU
		{A06D19BF-E3C6-4B42-A2DB-6C800B1C5C55}.Release|Any CPU.Build.0 = Release|Any CPU
		{7B8E4EDC-10F4-4844-8B4F-DB0879271F3B}.Debug|Any CPU.ActiveCfg = Debug|Any CPU
		{7B8E4EDC-10F4-4844-8B4F-DB0879271F3B}.Debug|Any CPU.Build.0 = Debug|Any CPU
		{7B8E4EDC-10F4-4844-8B4F-DB0879271F3B}.Release|Any CPU.ActiveCfg = Release|Any CPU
		{7B8E4EDC-10F4-4844-8B4F-DB0879271F3B}.Release|Any CPU.Build.0 = Release|Any CPU
		{ACD42557-F8BB-427C-ADBB-E3F92B25E344}.Debug|Any CPU.ActiveCfg = Debug|Any CPU
		{ACD42557-F8BB-427C-ADBB-E3F92B25E344}.Debug|Any CPU.Build.0 = Debug|Any CPU
		{ACD42557-F8BB-427C-ADBB-E3F92B25E344}.Release|Any CPU.ActiveCfg = Release|Any CPU
		{ACD42557-F8BB-427C-ADBB-E3F92B25E344}.Release|Any CPU.Build.0 = Release|Any CPU
	EndGlobalSection
	GlobalSection(SolutionProperties) = preSolution
		HideSolutionNode = FALSE
	EndGlobalSection
	GlobalSection(NestedProjects) = preSolution
		{D5C0D873-6FFF-4863-ACDD-813D03A9789E} = {5E3CDA2D-C04B-46E0-9C76-7698BA948C00}
		{C6A01E2C-EAE7-4392-A4CE-6C636C9D59E8} = {5E3CDA2D-C04B-46E0-9C76-7698BA948C00}
		{14DF9DF8-A881-448C-BCD1-BC5FD5E89309} = {546E875B-6907-4912-A12A-B9CEAC2180C5}
		{D9190F32-EDB1-4C53-9ADF-1D8FD6AFC1D2} = {546E875B-6907-4912-A12A-B9CEAC2180C5}
		{C9D82EBB-D266-4585-879A-2C737E71D5C9} = {D2BFD1CF-69AE-43D6-9702-A0D70E7780DF}
		{CE28CE6C-7DD3-4D04-BB99-767C8044EAB3} = {D2BFD1CF-69AE-43D6-9702-A0D70E7780DF}
		{505201E8-8E53-497B-BAA3-64CF78844F25} = {24080C49-4C56-4E08-B16C-5C6A98BCEDB8}
		{519DC30A-8A55-4973-BB38-A173B74ECF10} = {24080C49-4C56-4E08-B16C-5C6A98BCEDB8}
		{07F65218-59A5-473F-BADC-35D536E0D81F} = {91394ADB-8900-4400-ABA4-37B1975786CC}
		{D735A94B-31EB-4326-9ACF-36A1C08C2969} = {91394ADB-8900-4400-ABA4-37B1975786CC}
		{6B346F78-601C-42D2-8274-F28B8FAE25ED} = {91394ADB-8900-4400-ABA4-37B1975786CC}
		{0BB65968-0C40-4602-936A-36C7790C152A} = {CB27714C-0E22-4267-A686-44CA9A8A9467}
		{43582474-2442-4D96-99DB-FF8323B4D5B0} = {CB27714C-0E22-4267-A686-44CA9A8A9467}
		{5BB101C1-D7AD-43FB-8B6C-91E5BA39969D} = {CB27714C-0E22-4267-A686-44CA9A8A9467}
		{DB113773-D0DD-4F69-A334-38A02FF19A58} = {C7BE88A1-7F75-4753-A754-F53C2CEFDD15}
		{6489D3FE-C4DD-46A0-A26E-98BFE6B01112} = {C7BE88A1-7F75-4753-A754-F53C2CEFDD15}
		{08A7D6AF-7B35-4815-82ED-A885BAAFFAC8} = {C7BE88A1-7F75-4753-A754-F53C2CEFDD15}
		{F80D8807-A145-448A-8642-1BE4B494F832} = {1F7082DC-F32F-485A-9462-58B05A7AB3D3}
		{EBBAE977-89D0-4D05-938E-CAFD8D7EBDE2} = {1F7082DC-F32F-485A-9462-58B05A7AB3D3}
		{9463BA19-D532-42B0-B3D7-67777F302539} = {1F7082DC-F32F-485A-9462-58B05A7AB3D3}
		{7D051394-F87A-4C6A-A5A2-5D6AD0C498F1} = {5E3CDA2D-C04B-46E0-9C76-7698BA948C00}
		{A06D19BF-E3C6-4B42-A2DB-6C800B1C5C55} = {546E875B-6907-4912-A12A-B9CEAC2180C5}
		{7B8E4EDC-10F4-4844-8B4F-DB0879271F3B} = {D2BFD1CF-69AE-43D6-9702-A0D70E7780DF}
		{ACD42557-F8BB-427C-ADBB-E3F92B25E344} = {24080C49-4C56-4E08-B16C-5C6A98BCEDB8}
	EndGlobalSection
	GlobalSection(ExtensibilityGlobals) = postSolution
		SolutionGuid = {054C3A70-968A-4702-8992-85E1B928FBF6}
	EndGlobalSection
EndGlobal
